
Microsoft Visual Studio Solution File, Format Version 12.00
# Visual Studio Version 17
VisualStudioVersion = 17.9.34622.214
MinimumVisualStudioVersion = 10.0.40219.1
Project("{FAE04EC0-301F-11D3-BF4B-00C04F79EFBC}") = "Zlewnia", "Zlewnia.csproj", "{64E5CDAE-BF67-47DC-ADCB-82089C0B13C2}"
EndProject
Project("{54435603-DBB4-11D2-8724-00A0C9A8B90C}") = "Zlewnia_Marex", "..\..\..\..\..\ZlewniaMarex\Zlewnia_Marex\Zlewnia_Marex.vdproj", "{54EDD83A-A299-43D3-8215-4F964846FB1C}"
EndProject
Global
	GlobalSection(SolutionConfigurationPlatforms) = preSolution
		Debug|Any CPU = Debug|Any CPU
		Release|Any CPU = Release|Any CPU
	EndGlobalSection
	GlobalSection(ProjectConfigurationPlatforms) = postSolution
		{64E5CDAE-BF67-47DC-ADCB-82089C0B13C2}.Debug|Any CPU.ActiveCfg = Release|Any CPU
		{64E5CDAE-BF67-47DC-ADCB-82089C0B13C2}.Debug|Any CPU.Build.0 = Release|Any CPU
		{64E5CDAE-BF67-47DC-ADCB-82089C0B13C2}.Release|Any CPU.ActiveCfg = Release|Any CPU
		{64E5CDAE-BF67-47DC-ADCB-82089C0B13C2}.Release|Any CPU.Build.0 = Release|Any CPU
		{54EDD83A-A299-43D3-8215-4F964846FB1C}.Debug|Any CPU.ActiveCfg = Debug
		{54EDD83A-A299-43D3-8215-4F964846FB1C}.Release|Any CPU.ActiveCfg = Release
	EndGlobalSection
	GlobalSection(SolutionProperties) = preSolution
		HideSolutionNode = FALSE
	EndGlobalSection
	GlobalSection(ExtensibilityGlobals) = postSolution
		SolutionGuid = {F9DACF20-537E-4469-8FB6-D5460ED8F93E}
	EndGlobalSection
EndGlobal
